
Microsoft Visual Studio Solution File, Format Version 12.00
# Visual Studio Version 16
VisualStudioVersion = 16.0.29512.175
MinimumVisualStudioVersion = 10.0.40219.1
Project("{9A19103F-16F7-4668-BE54-9A1E7A4F7556}") = "trill", "trill.csproj", "{07967455-0DC1-45FA-840E-C3EB14EB06C7}"
EndProject
Global
	GlobalSection(SolutionConfigurationPlatforms) = preSolution
		Debug|Any CPU = Debug|Any CPU
		Release|Any CPU = Release|Any CPU
	EndGlobalSection
	GlobalSection(ProjectConfigurationPlatforms) = postSolution
		{07967455-0DC1-45FA-840E-C3EB14EB06C7}.Debug|Any CPU.ActiveCfg = Debug|Any CPU
		{07967455-0DC1-45FA-840E-C3EB14EB06C7}.Debug|Any CPU.Build.0 = Debug|Any CPU
		{07967455-0DC1-45FA-840E-C3EB14EB06C7}.Release|Any CPU.ActiveCfg = Release|Any CPU
		{07967455-0DC1-45FA-840E-C3EB14EB06C7}.Release|Any CPU.Build.0 = Release|Any CPU
	EndGlobalSection
	GlobalSection(SolutionProperties) = preSolution
		HideSolutionNode = FALSE
	EndGlobalSection
	GlobalSection(ExtensibilityGlobals) = postSolution
		SolutionGuid = {AFC08562-87FD-4089-99B6-06ECF348C43B}
	EndGlobalSection
EndGlobal
